// !$*UTF8*$!
{
	archiveVersion = 1;
	classes = {
	};
	objectVersion = 50;
	objects = {

/* Begin PBXBuildFile section */
		902248CC253C478100C79A52 /* TimelineScreen.swift in Sources */ = {isa = PBXBuildFile; fileRef = 902248CB253C478100C79A52 /* TimelineScreen.swift */; };
		902248DA253C67D800C79A52 /* Utils.swift in Sources */ = {isa = PBXBuildFile; fileRef = 902248D9253C67D800C79A52 /* Utils.swift */; };
		902248DE253C682D00C79A52 /* .env in Resources */ = {isa = PBXBuildFile; fileRef = 902248DD253C682D00C79A52 /* .env */; };
		902248E2253C685F00C79A52 /* .env in Resources */ = {isa = PBXBuildFile; fileRef = 902248E1253C685F00C79A52 /* .env */; };
		902248EB253C6F1600C79A52 /* timeline.json in Resources */ = {isa = PBXBuildFile; fileRef = 902248EA253C6F1600C79A52 /* timeline.json */; };
		902248F1253C737D00C79A52 /* TweetView.swift in Sources */ = {isa = PBXBuildFile; fileRef = 902248F0253C737D00C79A52 /* TweetView.swift */; };
		902248F7253C77D900C79A52 /* Styles.swift in Sources */ = {isa = PBXBuildFile; fileRef = 902248F6253C77D800C79A52 /* Styles.swift */; };
		902248FE253C7AA100C79A52 /* AsyncImage.swift in Sources */ = {isa = PBXBuildFile; fileRef = 902248FD253C7AA100C79A52 /* AsyncImage.swift */; };
		90224905253C7B1600C79A52 /* ImageLoader.swift in Sources */ = {isa = PBXBuildFile; fileRef = 90224904253C7B1600C79A52 /* ImageLoader.swift */; };
		90418C63253C314000D5806E /* SwifteriOS.framework in Frameworks */ = {isa = PBXBuildFile; fileRef = 90418C5A253C313300D5806E /* SwifteriOS.framework */; };
		90418C64253C314000D5806E /* SwifteriOS.framework in Embed Frameworks */ = {isa = PBXBuildFile; fileRef = 90418C5A253C313300D5806E /* SwifteriOS.framework */; settings = {ATTRIBUTES = (CodeSignOnCopy, RemoveHeadersOnCopy, ); }; };
		90418C6A253C383300D5806E /* AppState.swift in Sources */ = {isa = PBXBuildFile; fileRef = 90418C69253C383300D5806E /* AppState.swift */; };
		906A7C1C253CA43B0005ABC3 /* LinkedText.swift in Sources */ = {isa = PBXBuildFile; fileRef = 906A7C1B253CA43B0005ABC3 /* LinkedText.swift */; };
		90B3A1EF2540B8C300361E33 /* LoginScreen.swift in Sources */ = {isa = PBXBuildFile; fileRef = 90B3A1EE2540B8C300361E33 /* LoginScreen.swift */; };
		90B3A1F52540C32300361E33 /* AccountScreen.swift in Sources */ = {isa = PBXBuildFile; fileRef = 90B3A1F42540C32300361E33 /* AccountScreen.swift */; };
		90B3A1F92540CADA00361E33 /* userTimeline.json in Resources */ = {isa = PBXBuildFile; fileRef = 90B3A1F82540CADA00361E33 /* userTimeline.json */; };
		90B3A1FF2540CEA400361E33 /* user.json in Resources */ = {isa = PBXBuildFile; fileRef = 90B3A1FE2540CEA400361E33 /* user.json */; };
		90B3A20325421DF900361E33 /* ProfileScreen.swift in Sources */ = {isa = PBXBuildFile; fileRef = 90B3A20225421DF900361E33 /* ProfileScreen.swift */; };
		90D03A1E253C2F670074D0E4 /* oltwitterApp.swift in Sources */ = {isa = PBXBuildFile; fileRef = 90D03A1D253C2F670074D0E4 /* oltwitterApp.swift */; };
		90D03A20253C2F670074D0E4 /* ContentView.swift in Sources */ = {isa = PBXBuildFile; fileRef = 90D03A1F253C2F670074D0E4 /* ContentView.swift */; };
		90D03A22253C2F6A0074D0E4 /* Assets.xcassets in Resources */ = {isa = PBXBuildFile; fileRef = 90D03A21253C2F6A0074D0E4 /* Assets.xcassets */; };
		90D03A25253C2F6A0074D0E4 /* Preview Assets.xcassets in Resources */ = {isa = PBXBuildFile; fileRef = 90D03A24253C2F6A0074D0E4 /* Preview Assets.xcassets */; };
		90D03A30253C2F6B0074D0E4 /* oltwitterTests.swift in Sources */ = {isa = PBXBuildFile; fileRef = 90D03A2F253C2F6B0074D0E4 /* oltwitterTests.swift */; };
		90D03A3B253C2F6B0074D0E4 /* oltwitterUITests.swift in Sources */ = {isa = PBXBuildFile; fileRef = 90D03A3A253C2F6B0074D0E4 /* oltwitterUITests.swift */; };
/* End PBXBuildFile section */

/* Begin PBXContainerItemProxy section */
		90418C42253C312800D5806E /* PBXContainerItemProxy */ = {
			isa = PBXContainerItemProxy;
			containerPortal = 90418C3A253C312800D5806E /* Swifter.xcodeproj */;
			proxyType = 2;
			remoteGlobalIDString = 8B9F50EE1944A5AB00894629;
			remoteInfo = SwifteriOS;
		};
		90418C44253C312800D5806E /* PBXContainerItemProxy */ = {
			isa = PBXContainerItemProxy;
			containerPortal = 90418C3A253C312800D5806E /* Swifter.xcodeproj */;
			proxyType = 2;
			remoteGlobalIDString = 8B9F51131944A61D00894629;
			remoteInfo = SwifterMac;
		};
		90418C46253C312800D5806E /* PBXContainerItemProxy */ = {
			isa = PBXContainerItemProxy;
			containerPortal = 90418C3A253C312800D5806E /* Swifter.xcodeproj */;
			proxyType = 2;
			remoteGlobalIDString = 8B300C1F1944AA1A00993175;
			remoteInfo = SwifterDemoiOS;
		};
		90418C48253C312800D5806E /* PBXContainerItemProxy */ = {
			isa = PBXContainerItemProxy;
			containerPortal = 90418C3A253C312800D5806E /* Swifter.xcodeproj */;
			proxyType = 2;
			remoteGlobalIDString = 8B300C471944AECB00993175;
			remoteInfo = SwifterDemoMac;
		};
		90418C4A253C312800D5806E /* PBXContainerItemProxy */ = {
			isa = PBXContainerItemProxy;
			containerPortal = 90418C3A253C312800D5806E /* Swifter.xcodeproj */;
			proxyType = 2;
			remoteGlobalIDString = F6B4D5751C7BAC4500E06514;
			remoteInfo = SwifterTests;
		};
		90418C59253C313300D5806E /* PBXContainerItemProxy */ = {
			isa = PBXContainerItemProxy;
			containerPortal = 90418C51253C313300D5806E /* Swifter.xcodeproj */;
			proxyType = 2;
			remoteGlobalIDString = 8B9F50EE1944A5AB00894629;
			remoteInfo = SwifteriOS;
		};
		90418C5B253C313300D5806E /* PBXContainerItemProxy */ = {
			isa = PBXContainerItemProxy;
			containerPortal = 90418C51253C313300D5806E /* Swifter.xcodeproj */;
			proxyType = 2;
			remoteGlobalIDString = 8B9F51131944A61D00894629;
			remoteInfo = SwifterMac;
		};
		90418C5D253C313300D5806E /* PBXContainerItemProxy */ = {
			isa = PBXContainerItemProxy;
			containerPortal = 90418C51253C313300D5806E /* Swifter.xcodeproj */;
			proxyType = 2;
			remoteGlobalIDString = 8B300C1F1944AA1A00993175;
			remoteInfo = SwifterDemoiOS;
		};
		90418C5F253C313300D5806E /* PBXContainerItemProxy */ = {
			isa = PBXContainerItemProxy;
			containerPortal = 90418C51253C313300D5806E /* Swifter.xcodeproj */;
			proxyType = 2;
			remoteGlobalIDString = 8B300C471944AECB00993175;
			remoteInfo = SwifterDemoMac;
		};
		90418C61253C313300D5806E /* PBXContainerItemProxy */ = {
			isa = PBXContainerItemProxy;
			containerPortal = 90418C51253C313300D5806E /* Swifter.xcodeproj */;
			proxyType = 2;
			remoteGlobalIDString = F6B4D5751C7BAC4500E06514;
			remoteInfo = SwifterTests;
		};
		90D03A2C253C2F6B0074D0E4 /* PBXContainerItemProxy */ = {
			isa = PBXContainerItemProxy;
			containerPortal = 90D03A12253C2F670074D0E4 /* Project object */;
			proxyType = 1;
			remoteGlobalIDString = 90D03A19253C2F670074D0E4;
			remoteInfo = oltwitter;
		};
		90D03A37253C2F6B0074D0E4 /* PBXContainerItemProxy */ = {
			isa = PBXContainerItemProxy;
			containerPortal = 90D03A12253C2F670074D0E4 /* Project object */;
			proxyType = 1;
			remoteGlobalIDString = 90D03A19253C2F670074D0E4;
			remoteInfo = oltwitter;
		};
/* End PBXContainerItemProxy section */

/* Begin PBXCopyFilesBuildPhase section */
		90418C37253C305B00D5806E /* Embed Frameworks */ = {
			isa = PBXCopyFilesBuildPhase;
			buildActionMask = 2147483647;
			dstPath = "";
			dstSubfolderSpec = 10;
			files = (
				90418C64253C314000D5806E /* SwifteriOS.framework in Embed Frameworks */,
			);
			name = "Embed Frameworks";
			runOnlyForDeploymentPostprocessing = 0;
		};
/* End PBXCopyFilesBuildPhase section */

/* Begin PBXFileReference section */
		902248CB253C478100C79A52 /* TimelineScreen.swift */ = {isa = PBXFileReference; lastKnownFileType = sourcecode.swift; path = TimelineScreen.swift; sourceTree = "<group>"; };
		902248D9253C67D800C79A52 /* Utils.swift */ = {isa = PBXFileReference; lastKnownFileType = sourcecode.swift; path = Utils.swift; sourceTree = "<group>"; };
		902248DD253C682D00C79A52 /* .env */ = {isa = PBXFileReference; fileEncoding = 4; lastKnownFileType = text; name = .env; path = ../.env; sourceTree = "<group>"; };
		902248E1253C685F00C79A52 /* .env */ = {isa = PBXFileReference; fileEncoding = 4; lastKnownFileType = text; name = .env; path = ../../.env; sourceTree = "<group>"; };
		902248EA253C6F1600C79A52 /* timeline.json */ = {isa = PBXFileReference; lastKnownFileType = text.json; path = timeline.json; sourceTree = "<group>"; };
		902248F0253C737D00C79A52 /* TweetView.swift */ = {isa = PBXFileReference; lastKnownFileType = sourcecode.swift; path = TweetView.swift; sourceTree = "<group>"; };
		902248F6253C77D800C79A52 /* Styles.swift */ = {isa = PBXFileReference; lastKnownFileType = sourcecode.swift; path = Styles.swift; sourceTree = "<group>"; };
		902248FD253C7AA100C79A52 /* AsyncImage.swift */ = {isa = PBXFileReference; lastKnownFileType = sourcecode.swift; path = AsyncImage.swift; sourceTree = "<group>"; };
		90224904253C7B1600C79A52 /* ImageLoader.swift */ = {isa = PBXFileReference; lastKnownFileType = sourcecode.swift; path = ImageLoader.swift; sourceTree = "<group>"; };
		90418C3A253C312800D5806E /* Swifter.xcodeproj */ = {isa = PBXFileReference; lastKnownFileType = "wrapper.pb-project"; name = Swifter.xcodeproj; path = "Swifter-master/Swifter.xcodeproj"; sourceTree = "<group>"; };
		90418C51253C313300D5806E /* Swifter.xcodeproj */ = {isa = PBXFileReference; lastKnownFileType = "wrapper.pb-project"; name = Swifter.xcodeproj; path = "Swifter-master/Swifter.xcodeproj"; sourceTree = "<group>"; };
		90418C69253C383300D5806E /* AppState.swift */ = {isa = PBXFileReference; lastKnownFileType = sourcecode.swift; path = AppState.swift; sourceTree = "<group>"; };
		906A7C1B253CA43B0005ABC3 /* LinkedText.swift */ = {isa = PBXFileReference; lastKnownFileType = sourcecode.swift; path = LinkedText.swift; sourceTree = "<group>"; };
		90B3A1EE2540B8C300361E33 /* LoginScreen.swift */ = {isa = PBXFileReference; lastKnownFileType = sourcecode.swift; path = LoginScreen.swift; sourceTree = "<group>"; };
		90B3A1F42540C32300361E33 /* AccountScreen.swift */ = {isa = PBXFileReference; lastKnownFileType = sourcecode.swift; path = AccountScreen.swift; sourceTree = "<group>"; };
		90B3A1F82540CADA00361E33 /* userTimeline.json */ = {isa = PBXFileReference; lastKnownFileType = text.json; path = userTimeline.json; sourceTree = "<group>"; };
		90B3A1FE2540CEA400361E33 /* user.json */ = {isa = PBXFileReference; lastKnownFileType = text.json; path = user.json; sourceTree = "<group>"; };
		90B3A20225421DF900361E33 /* ProfileScreen.swift */ = {isa = PBXFileReference; lastKnownFileType = sourcecode.swift; path = ProfileScreen.swift; sourceTree = "<group>"; };
		90D03A1A253C2F670074D0E4 /* oltwitter.app */ = {isa = PBXFileReference; explicitFileType = wrapper.application; includeInIndex = 0; path = oltwitter.app; sourceTree = BUILT_PRODUCTS_DIR; };
		90D03A1D253C2F670074D0E4 /* oltwitterApp.swift */ = {isa = PBXFileReference; lastKnownFileType = sourcecode.swift; path = oltwitterApp.swift; sourceTree = "<group>"; };
		90D03A1F253C2F670074D0E4 /* ContentView.swift */ = {isa = PBXFileReference; lastKnownFileType = sourcecode.swift; path = ContentView.swift; sourceTree = "<group>"; };
		90D03A21253C2F6A0074D0E4 /* Assets.xcassets */ = {isa = PBXFileReference; lastKnownFileType = folder.assetcatalog; path = Assets.xcassets; sourceTree = "<group>"; };
		90D03A24253C2F6A0074D0E4 /* Preview Assets.xcassets */ = {isa = PBXFileReference; lastKnownFileType = folder.assetcatalog; path = "Preview Assets.xcassets"; sourceTree = "<group>"; };
		90D03A26253C2F6A0074D0E4 /* Info.plist */ = {isa = PBXFileReference; lastKnownFileType = text.plist.xml; path = Info.plist; sourceTree = "<group>"; };
		90D03A2B253C2F6B0074D0E4 /* oltwitterTests.xctest */ = {isa = PBXFileReference; explicitFileType = wrapper.cfbundle; includeInIndex = 0; path = oltwitterTests.xctest; sourceTree = BUILT_PRODUCTS_DIR; };
		90D03A2F253C2F6B0074D0E4 /* oltwitterTests.swift */ = {isa = PBXFileReference; lastKnownFileType = sourcecode.swift; path = oltwitterTests.swift; sourceTree = "<group>"; };
		90D03A31253C2F6B0074D0E4 /* Info.plist */ = {isa = PBXFileReference; lastKnownFileType = text.plist.xml; path = Info.plist; sourceTree = "<group>"; };
		90D03A36253C2F6B0074D0E4 /* oltwitterUITests.xctest */ = {isa = PBXFileReference; explicitFileType = wrapper.cfbundle; includeInIndex = 0; path = oltwitterUITests.xctest; sourceTree = BUILT_PRODUCTS_DIR; };
		90D03A3A253C2F6B0074D0E4 /* oltwitterUITests.swift */ = {isa = PBXFileReference; lastKnownFileType = sourcecode.swift; path = oltwitterUITests.swift; sourceTree = "<group>"; };
		90D03A3C253C2F6B0074D0E4 /* Info.plist */ = {isa = PBXFileReference; lastKnownFileType = text.plist.xml; path = Info.plist; sourceTree = "<group>"; };
/* End PBXFileReference section */

/* Begin PBXFrameworksBuildPhase section */
		90D03A17253C2F670074D0E4 /* Frameworks */ = {
			isa = PBXFrameworksBuildPhase;
			buildActionMask = 2147483647;
			files = (
				90418C63253C314000D5806E /* SwifteriOS.framework in Frameworks */,
			);
			runOnlyForDeploymentPostprocessing = 0;
		};
		90D03A28253C2F6B0074D0E4 /* Frameworks */ = {
			isa = PBXFrameworksBuildPhase;
			buildActionMask = 2147483647;
			files = (
			);
			runOnlyForDeploymentPostprocessing = 0;
		};
		90D03A33253C2F6B0074D0E4 /* Frameworks */ = {
			isa = PBXFrameworksBuildPhase;
			buildActionMask = 2147483647;
			files = (
			);
			runOnlyForDeploymentPostprocessing = 0;
		};
/* End PBXFrameworksBuildPhase section */

/* Begin PBXGroup section */
		902248E9253C6F0300C79A52 /* fixtures */ = {
			isa = PBXGroup;
			children = (
				902248EA253C6F1600C79A52 /* timeline.json */,
				90B3A1F82540CADA00361E33 /* userTimeline.json */,
				90B3A1FE2540CEA400361E33 /* user.json */,
			);
			path = fixtures;
			sourceTree = "<group>";
		};
		902248FC253C7A8F00C79A52 /* components */ = {
			isa = PBXGroup;
			children = (
				902248F0253C737D00C79A52 /* TweetView.swift */,
				902248FD253C7AA100C79A52 /* AsyncImage.swift */,
				906A7C1B253CA43B0005ABC3 /* LinkedText.swift */,
			);
			path = components;
			sourceTree = "<group>";
		};
		90224903253C7B0A00C79A52 /* state */ = {
			isa = PBXGroup;
			children = (
				90418C69253C383300D5806E /* AppState.swift */,
				90224904253C7B1600C79A52 /* ImageLoader.swift */,
			);
			path = state;
			sourceTree = "<group>";
		};
		90418C34253C305B00D5806E /* Frameworks */ = {
			isa = PBXGroup;
			children = (
				902248DD253C682D00C79A52 /* .env */,
				90418C3A253C312800D5806E /* Swifter.xcodeproj */,
			);
			name = Frameworks;
			sourceTree = "<group>";
		};
		90418C3B253C312800D5806E /* Products */ = {
			isa = PBXGroup;
			children = (
				90418C43253C312800D5806E /* SwifteriOS.framework */,
				90418C45253C312800D5806E /* SwifterMac.framework */,
				90418C47253C312800D5806E /* SwifterDemoiOS.app */,
				90418C49253C312800D5806E /* SwifterDemoMac.app */,
				90418C4B253C312800D5806E /* SwifterTests.xctest */,
			);
			name = Products;
			sourceTree = "<group>";
		};
		90418C52253C313300D5806E /* Products */ = {
			isa = PBXGroup;
			children = (
				90418C5A253C313300D5806E /* SwifteriOS.framework */,
				90418C5C253C313300D5806E /* SwifterMac.framework */,
				90418C5E253C313300D5806E /* SwifterDemoiOS.app */,
				90418C60253C313300D5806E /* SwifterDemoMac.app */,
				90418C62253C313300D5806E /* SwifterTests.xctest */,
			);
			name = Products;
			sourceTree = "<group>";
		};
		90B3A1E1253F672E00361E33 /* screens */ = {
			isa = PBXGroup;
			children = (
				902248CB253C478100C79A52 /* TimelineScreen.swift */,
				90B3A1EE2540B8C300361E33 /* LoginScreen.swift */,
				90B3A1F42540C32300361E33 /* AccountScreen.swift */,
				90B3A20225421DF900361E33 /* ProfileScreen.swift */,
			);
			path = screens;
			sourceTree = "<group>";
		};
		90D03A11253C2F670074D0E4 = {
			isa = PBXGroup;
			children = (
				90418C51253C313300D5806E /* Swifter.xcodeproj */,
				90D03A1C253C2F670074D0E4 /* oltwitter */,
				90D03A2E253C2F6B0074D0E4 /* oltwitterTests */,
				90D03A39253C2F6B0074D0E4 /* oltwitterUITests */,
				90D03A1B253C2F670074D0E4 /* Products */,
				90418C34253C305B00D5806E /* Frameworks */,
			);
			sourceTree = "<group>";
		};
		90D03A1B253C2F670074D0E4 /* Products */ = {
			isa = PBXGroup;
			children = (
				90D03A1A253C2F670074D0E4 /* oltwitter.app */,
				90D03A2B253C2F6B0074D0E4 /* oltwitterTests.xctest */,
				90D03A36253C2F6B0074D0E4 /* oltwitterUITests.xctest */,
			);
			name = Products;
			sourceTree = "<group>";
		};
		90D03A1C253C2F670074D0E4 /* oltwitter */ = {
			isa = PBXGroup;
			children = (
				90B3A1E1253F672E00361E33 /* screens */,
				90224903253C7B0A00C79A52 /* state */,
				902248FC253C7A8F00C79A52 /* components */,
				902248E1253C685F00C79A52 /* .env */,
				90D03A1D253C2F670074D0E4 /* oltwitterApp.swift */,
				90D03A1F253C2F670074D0E4 /* ContentView.swift */,
				902248D9253C67D800C79A52 /* Utils.swift */,
				902248F6253C77D800C79A52 /* Styles.swift */,
				902248E9253C6F0300C79A52 /* fixtures */,
				90D03A21253C2F6A0074D0E4 /* Assets.xcassets */,
				90D03A26253C2F6A0074D0E4 /* Info.plist */,
				90D03A23253C2F6A0074D0E4 /* Preview Content */,
			);
			path = oltwitter;
			sourceTree = "<group>";
		};
		90D03A23253C2F6A0074D0E4 /* Preview Content */ = {
			isa = PBXGroup;
			children = (
				90D03A24253C2F6A0074D0E4 /* Preview Assets.xcassets */,
			);
			path = "Preview Content";
			sourceTree = "<group>";
		};
		90D03A2E253C2F6B0074D0E4 /* oltwitterTests */ = {
			isa = PBXGroup;
			children = (
				90D03A2F253C2F6B0074D0E4 /* oltwitterTests.swift */,
				90D03A31253C2F6B0074D0E4 /* Info.plist */,
			);
			path = oltwitterTests;
			sourceTree = "<group>";
		};
		90D03A39253C2F6B0074D0E4 /* oltwitterUITests */ = {
			isa = PBXGroup;
			children = (
				90D03A3A253C2F6B0074D0E4 /* oltwitterUITests.swift */,
				90D03A3C253C2F6B0074D0E4 /* Info.plist */,
			);
			path = oltwitterUITests;
			sourceTree = "<group>";
		};
/* End PBXGroup section */

/* Begin PBXNativeTarget section */
		90D03A19253C2F670074D0E4 /* oltwitter */ = {
			isa = PBXNativeTarget;
			buildConfigurationList = 90D03A3F253C2F6B0074D0E4 /* Build configuration list for PBXNativeTarget "oltwitter" */;
			buildPhases = (
				90D03A16253C2F670074D0E4 /* Sources */,
				90D03A17253C2F670074D0E4 /* Frameworks */,
				90D03A18253C2F670074D0E4 /* Resources */,
				90418C37253C305B00D5806E /* Embed Frameworks */,
			);
			buildRules = (
			);
			dependencies = (
			);
			name = oltwitter;
			productName = oltwitter;
			productReference = 90D03A1A253C2F670074D0E4 /* oltwitter.app */;
			productType = "com.apple.product-type.application";
		};
		90D03A2A253C2F6B0074D0E4 /* oltwitterTests */ = {
			isa = PBXNativeTarget;
			buildConfigurationList = 90D03A42253C2F6B0074D0E4 /* Build configuration list for PBXNativeTarget "oltwitterTests" */;
			buildPhases = (
				90D03A27253C2F6B0074D0E4 /* Sources */,
				90D03A28253C2F6B0074D0E4 /* Frameworks */,
				90D03A29253C2F6B0074D0E4 /* Resources */,
			);
			buildRules = (
			);
			dependencies = (
				90D03A2D253C2F6B0074D0E4 /* PBXTargetDependency */,
			);
			name = oltwitterTests;
			productName = oltwitterTests;
			productReference = 90D03A2B253C2F6B0074D0E4 /* oltwitterTests.xctest */;
			productType = "com.apple.product-type.bundle.unit-test";
		};
		90D03A35253C2F6B0074D0E4 /* oltwitterUITests */ = {
			isa = PBXNativeTarget;
			buildConfigurationList = 90D03A45253C2F6B0074D0E4 /* Build configuration list for PBXNativeTarget "oltwitterUITests" */;
			buildPhases = (
				90D03A32253C2F6B0074D0E4 /* Sources */,
				90D03A33253C2F6B0074D0E4 /* Frameworks */,
				90D03A34253C2F6B0074D0E4 /* Resources */,
			);
			buildRules = (
			);
			dependencies = (
				90D03A38253C2F6B0074D0E4 /* PBXTargetDependency */,
			);
			name = oltwitterUITests;
			productName = oltwitterUITests;
			productReference = 90D03A36253C2F6B0074D0E4 /* oltwitterUITests.xctest */;
			productType = "com.apple.product-type.bundle.ui-testing";
		};
/* End PBXNativeTarget section */

/* Begin PBXProject section */
		90D03A12253C2F670074D0E4 /* Project object */ = {
			isa = PBXProject;
			attributes = {
				LastSwiftUpdateCheck = 1200;
				LastUpgradeCheck = 1200;
				TargetAttributes = {
					90D03A19253C2F670074D0E4 = {
						CreatedOnToolsVersion = 12.0.1;
					};
					90D03A2A253C2F6B0074D0E4 = {
						CreatedOnToolsVersion = 12.0.1;
						TestTargetID = 90D03A19253C2F670074D0E4;
					};
					90D03A35253C2F6B0074D0E4 = {
						CreatedOnToolsVersion = 12.0.1;
						TestTargetID = 90D03A19253C2F670074D0E4;
					};
				};
			};
			buildConfigurationList = 90D03A15253C2F670074D0E4 /* Build configuration list for PBXProject "oltwitter" */;
			compatibilityVersion = "Xcode 9.3";
			developmentRegion = en;
			hasScannedForEncodings = 0;
			knownRegions = (
				en,
				Base,
			);
			mainGroup = 90D03A11253C2F670074D0E4;
			productRefGroup = 90D03A1B253C2F670074D0E4 /* Products */;
			projectDirPath = "";
			projectReferences = (
				{
					ProductGroup = 90418C52253C313300D5806E /* Products */;
					ProjectRef = 90418C51253C313300D5806E /* Swifter.xcodeproj */;
				},
				{
					ProductGroup = 90418C3B253C312800D5806E /* Products */;
					ProjectRef = 90418C3A253C312800D5806E /* Swifter.xcodeproj */;
				},
			);
			projectRoot = "";
			targets = (
				90D03A19253C2F670074D0E4 /* oltwitter */,
				90D03A2A253C2F6B0074D0E4 /* oltwitterTests */,
				90D03A35253C2F6B0074D0E4 /* oltwitterUITests */,
			);
		};
/* End PBXProject section */

/* Begin PBXReferenceProxy section */
		90418C43253C312800D5806E /* SwifteriOS.framework */ = {
			isa = PBXReferenceProxy;
			fileType = wrapper.framework;
			path = SwifteriOS.framework;
			remoteRef = 90418C42253C312800D5806E /* PBXContainerItemProxy */;
			sourceTree = BUILT_PRODUCTS_DIR;
		};
		90418C45253C312800D5806E /* SwifterMac.framework */ = {
			isa = PBXReferenceProxy;
			fileType = wrapper.framework;
			path = SwifterMac.framework;
			remoteRef = 90418C44253C312800D5806E /* PBXContainerItemProxy */;
			sourceTree = BUILT_PRODUCTS_DIR;
		};
		90418C47253C312800D5806E /* SwifterDemoiOS.app */ = {
			isa = PBXReferenceProxy;
			fileType = wrapper.application;
			path = SwifterDemoiOS.app;
			remoteRef = 90418C46253C312800D5806E /* PBXContainerItemProxy */;
			sourceTree = BUILT_PRODUCTS_DIR;
		};
		90418C49253C312800D5806E /* SwifterDemoMac.app */ = {
			isa = PBXReferenceProxy;
			fileType = wrapper.application;
			path = SwifterDemoMac.app;
			remoteRef = 90418C48253C312800D5806E /* PBXContainerItemProxy */;
			sourceTree = BUILT_PRODUCTS_DIR;
		};
		90418C4B253C312800D5806E /* SwifterTests.xctest */ = {
			isa = PBXReferenceProxy;
			fileType = wrapper.cfbundle;
			path = SwifterTests.xctest;
			remoteRef = 90418C4A253C312800D5806E /* PBXContainerItemProxy */;
			sourceTree = BUILT_PRODUCTS_DIR;
		};
		90418C5A253C313300D5806E /* SwifteriOS.framework */ = {
			isa = PBXReferenceProxy;
			fileType = wrapper.framework;
			path = SwifteriOS.framework;
			remoteRef = 90418C59253C313300D5806E /* PBXContainerItemProxy */;
			sourceTree = BUILT_PRODUCTS_DIR;
		};
		90418C5C253C313300D5806E /* SwifterMac.framework */ = {
			isa = PBXReferenceProxy;
			fileType = wrapper.framework;
			path = SwifterMac.framework;
			remoteRef = 90418C5B253C313300D5806E /* PBXContainerItemProxy */;
			sourceTree = BUILT_PRODUCTS_DIR;
		};
		90418C5E253C313300D5806E /* SwifterDemoiOS.app */ = {
			isa = PBXReferenceProxy;
			fileType = wrapper.application;
			path = SwifterDemoiOS.app;
			remoteRef = 90418C5D253C313300D5806E /* PBXContainerItemProxy */;
			sourceTree = BUILT_PRODUCTS_DIR;
		};
		90418C60253C313300D5806E /* SwifterDemoMac.app */ = {
			isa = PBXReferenceProxy;
			fileType = wrapper.application;
			path = SwifterDemoMac.app;
			remoteRef = 90418C5F253C313300D5806E /* PBXContainerItemProxy */;
			sourceTree = BUILT_PRODUCTS_DIR;
		};
		90418C62253C313300D5806E /* SwifterTests.xctest */ = {
			isa = PBXReferenceProxy;
			fileType = wrapper.cfbundle;
			path = SwifterTests.xctest;
			remoteRef = 90418C61253C313300D5806E /* PBXContainerItemProxy */;
			sourceTree = BUILT_PRODUCTS_DIR;
		};
/* End PBXReferenceProxy section */

/* Begin PBXResourcesBuildPhase section */
		90D03A18253C2F670074D0E4 /* Resources */ = {
			isa = PBXResourcesBuildPhase;
			buildActionMask = 2147483647;
			files = (
				90B3A1FF2540CEA400361E33 /* user.json in Resources */,
				902248DE253C682D00C79A52 /* .env in Resources */,
				90D03A25253C2F6A0074D0E4 /* Preview Assets.xcassets in Resources */,
				90D03A22253C2F6A0074D0E4 /* Assets.xcassets in Resources */,
				90B3A1F92540CADA00361E33 /* userTimeline.json in Resources */,
				902248E2253C685F00C79A52 /* .env in Resources */,
				902248EB253C6F1600C79A52 /* timeline.json in Resources */,
			);
			runOnlyForDeploymentPostprocessing = 0;
		};
		90D03A29253C2F6B0074D0E4 /* Resources */ = {
			isa = PBXResourcesBuildPhase;
			buildActionMask = 2147483647;
			files = (
			);
			runOnlyForDeploymentPostprocessing = 0;
		};
		90D03A34253C2F6B0074D0E4 /* Resources */ = {
			isa = PBXResourcesBuildPhase;
			buildActionMask = 2147483647;
			files = (
			);
			runOnlyForDeploymentPostprocessing = 0;
		};
/* End PBXResourcesBuildPhase section */

/* Begin PBXSourcesBuildPhase section */
		90D03A16253C2F670074D0E4 /* Sources */ = {
			isa = PBXSourcesBuildPhase;
			buildActionMask = 2147483647;
			files = (
				902248DA253C67D800C79A52 /* Utils.swift in Sources */,
				902248F7253C77D900C79A52 /* Styles.swift in Sources */,
				90418C6A253C383300D5806E /* AppState.swift in Sources */,
				90B3A1F52540C32300361E33 /* AccountScreen.swift in Sources */,
				90B3A20325421DF900361E33 /* ProfileScreen.swift in Sources */,
				90D03A20253C2F670074D0E4 /* ContentView.swift in Sources */,
				902248FE253C7AA100C79A52 /* AsyncImage.swift in Sources */,
				90224905253C7B1600C79A52 /* ImageLoader.swift in Sources */,
				90D03A1E253C2F670074D0E4 /* oltwitterApp.swift in Sources */,
				906A7C1C253CA43B0005ABC3 /* LinkedText.swift in Sources */,
				902248F1253C737D00C79A52 /* TweetView.swift in Sources */,
				90B3A1EF2540B8C300361E33 /* LoginScreen.swift in Sources */,
				902248CC253C478100C79A52 /* TimelineScreen.swift in Sources */,
			);
			runOnlyForDeploymentPostprocessing = 0;
		};
		90D03A27253C2F6B0074D0E4 /* Sources */ = {
			isa = PBXSourcesBuildPhase;
			buildActionMask = 2147483647;
			files = (
				90D03A30253C2F6B0074D0E4 /* oltwitterTests.swift in Sources */,
			);
			runOnlyForDeploymentPostprocessing = 0;
		};
		90D03A32253C2F6B0074D0E4 /* Sources */ = {
			isa = PBXSourcesBuildPhase;
			buildActionMask = 2147483647;
			files = (
				90D03A3B253C2F6B0074D0E4 /* oltwitterUITests.swift in Sources */,
			);
			runOnlyForDeploymentPostprocessing = 0;
		};
/* End PBXSourcesBuildPhase section */

/* Begin PBXTargetDependency section */
		90D03A2D253C2F6B0074D0E4 /* PBXTargetDependency */ = {
			isa = PBXTargetDependency;
			target = 90D03A19253C2F670074D0E4 /* oltwitter */;
			targetProxy = 90D03A2C253C2F6B0074D0E4 /* PBXContainerItemProxy */;
		};
		90D03A38253C2F6B0074D0E4 /* PBXTargetDependency */ = {
			isa = PBXTargetDependency;
			target = 90D03A19253C2F670074D0E4 /* oltwitter */;
			targetProxy = 90D03A37253C2F6B0074D0E4 /* PBXContainerItemProxy */;
		};
/* End PBXTargetDependency section */

/* Begin XCBuildConfiguration section */
		90D03A3D253C2F6B0074D0E4 /* Debug */ = {
			isa = XCBuildConfiguration;
			buildSettings = {
				ALWAYS_SEARCH_USER_PATHS = NO;
				CLANG_ANALYZER_NONNULL = YES;
				CLANG_ANALYZER_NUMBER_OBJECT_CONVERSION = YES_AGGRESSIVE;
				CLANG_CXX_LANGUAGE_STANDARD = "gnu++14";
				CLANG_CXX_LIBRARY = "libc++";
				CLANG_ENABLE_MODULES = YES;
				CLANG_ENABLE_OBJC_ARC = YES;
				CLANG_ENABLE_OBJC_WEAK = YES;
				CLANG_WARN_BLOCK_CAPTURE_AUTORELEASING = YES;
				CLANG_WARN_BOOL_CONVERSION = YES;
				CLANG_WARN_COMMA = YES;
				CLANG_WARN_CONSTANT_CONVERSION = YES;
				CLANG_WARN_DEPRECATED_OBJC_IMPLEMENTATIONS = YES;
				CLANG_WARN_DIRECT_OBJC_ISA_USAGE = YES_ERROR;
				CLANG_WARN_DOCUMENTATION_COMMENTS = YES;
				CLANG_WARN_EMPTY_BODY = YES;
				CLANG_WARN_ENUM_CONVERSION = YES;
				CLANG_WARN_INFINITE_RECURSION = YES;
				CLANG_WARN_INT_CONVERSION = YES;
				CLANG_WARN_NON_LITERAL_NULL_CONVERSION = YES;
				CLANG_WARN_OBJC_IMPLICIT_RETAIN_SELF = YES;
				CLANG_WARN_OBJC_LITERAL_CONVERSION = YES;
				CLANG_WARN_OBJC_ROOT_CLASS = YES_ERROR;
				CLANG_WARN_QUOTED_INCLUDE_IN_FRAMEWORK_HEADER = YES;
				CLANG_WARN_RANGE_LOOP_ANALYSIS = YES;
				CLANG_WARN_STRICT_PROTOTYPES = YES;
				CLANG_WARN_SUSPICIOUS_MOVE = YES;
				CLANG_WARN_UNGUARDED_AVAILABILITY = YES_AGGRESSIVE;
				CLANG_WARN_UNREACHABLE_CODE = YES;
				CLANG_WARN__DUPLICATE_METHOD_MATCH = YES;
				COPY_PHASE_STRIP = NO;
				DEBUG_INFORMATION_FORMAT = dwarf;
				ENABLE_STRICT_OBJC_MSGSEND = YES;
				ENABLE_TESTABILITY = YES;
				GCC_C_LANGUAGE_STANDARD = gnu11;
				GCC_DYNAMIC_NO_PIC = NO;
				GCC_NO_COMMON_BLOCKS = YES;
				GCC_OPTIMIZATION_LEVEL = 0;
				GCC_PREPROCESSOR_DEFINITIONS = (
					"DEBUG=1",
					"$(inherited)",
				);
				GCC_WARN_64_TO_32_BIT_CONVERSION = YES;
				GCC_WARN_ABOUT_RETURN_TYPE = YES_ERROR;
				GCC_WARN_UNDECLARED_SELECTOR = YES;
				GCC_WARN_UNINITIALIZED_AUTOS = YES_AGGRESSIVE;
				GCC_WARN_UNUSED_FUNCTION = YES;
				GCC_WARN_UNUSED_VARIABLE = YES;
				IPHONEOS_DEPLOYMENT_TARGET = 14.0;
				MTL_ENABLE_DEBUG_INFO = INCLUDE_SOURCE;
				MTL_FAST_MATH = YES;
				ONLY_ACTIVE_ARCH = YES;
				SDKROOT = iphoneos;
				SWIFT_ACTIVE_COMPILATION_CONDITIONS = DEBUG;
				SWIFT_OPTIMIZATION_LEVEL = "-Onone";
			};
			name = Debug;
		};
		90D03A3E253C2F6B0074D0E4 /* Release */ = {
			isa = XCBuildConfiguration;
			buildSettings = {
				ALWAYS_SEARCH_USER_PATHS = NO;
				CLANG_ANALYZER_NONNULL = YES;
				CLANG_ANALYZER_NUMBER_OBJECT_CONVERSION = YES_AGGRESSIVE;
				CLANG_CXX_LANGUAGE_STANDARD = "gnu++14";
				CLANG_CXX_LIBRARY = "libc++";
				CLANG_ENABLE_MODULES = YES;
				CLANG_ENABLE_OBJC_ARC = YES;
				CLANG_ENABLE_OBJC_WEAK = YES;
				CLANG_WARN_BLOCK_CAPTURE_AUTORELEASING = YES;
				CLANG_WARN_BOOL_CONVERSION = YES;
				CLANG_WARN_COMMA = YES;
				CLANG_WARN_CONSTANT_CONVERSION = YES;
				CLANG_WARN_DEPRECATED_OBJC_IMPLEMENTATIONS = YES;
				CLANG_WARN_DIRECT_OBJC_ISA_USAGE = YES_ERROR;
				CLANG_WARN_DOCUMENTATION_COMMENTS = YES;
				CLANG_WARN_EMPTY_BODY = YES;
				CLANG_WARN_ENUM_CONVERSION = YES;
				CLANG_WARN_INFINITE_RECURSION = YES;
				CLANG_WARN_INT_CONVERSION = YES;
				CLANG_WARN_NON_LITERAL_NULL_CONVERSION = YES;
				CLANG_WARN_OBJC_IMPLICIT_RETAIN_SELF = YES;
				CLANG_WARN_OBJC_LITERAL_CONVERSION = YES;
				CLANG_WARN_OBJC_ROOT_CLASS = YES_ERROR;
				CLANG_WARN_QUOTED_INCLUDE_IN_FRAMEWORK_HEADER = YES;
				CLANG_WARN_RANGE_LOOP_ANALYSIS = YES;
				CLANG_WARN_STRICT_PROTOTYPES = YES;
				CLANG_WARN_SUSPICIOUS_MOVE = YES;
				CLANG_WARN_UNGUARDED_AVAILABILITY = YES_AGGRESSIVE;
				CLANG_WARN_UNREACHABLE_CODE = YES;
				CLANG_WARN__DUPLICATE_METHOD_MATCH = YES;
				COPY_PHASE_STRIP = NO;
				DEBUG_INFORMATION_FORMAT = "dwarf-with-dsym";
				ENABLE_NS_ASSERTIONS = NO;
				ENABLE_STRICT_OBJC_MSGSEND = YES;
				GCC_C_LANGUAGE_STANDARD = gnu11;
				GCC_NO_COMMON_BLOCKS = YES;
				GCC_WARN_64_TO_32_BIT_CONVERSION = YES;
				GCC_WARN_ABOUT_RETURN_TYPE = YES_ERROR;
				GCC_WARN_UNDECLARED_SELECTOR = YES;
				GCC_WARN_UNINITIALIZED_AUTOS = YES_AGGRESSIVE;
				GCC_WARN_UNUSED_FUNCTION = YES;
				GCC_WARN_UNUSED_VARIABLE = YES;
				IPHONEOS_DEPLOYMENT_TARGET = 14.0;
				MTL_ENABLE_DEBUG_INFO = NO;
				MTL_FAST_MATH = YES;
				SDKROOT = iphoneos;
				SWIFT_COMPILATION_MODE = wholemodule;
				SWIFT_OPTIMIZATION_LEVEL = "-O";
				VALIDATE_PRODUCT = YES;
			};
			name = Release;
		};
		90D03A40253C2F6B0074D0E4 /* Debug */ = {
			isa = XCBuildConfiguration;
			buildSettings = {
				ASSETCATALOG_COMPILER_APPICON_NAME = AppIcon;
				ASSETCATALOG_COMPILER_GLOBAL_ACCENT_COLOR_NAME = AccentColor;
				CODE_SIGN_STYLE = Automatic;
				DEVELOPMENT_ASSET_PATHS = "\"oltwitter/Preview Content\"";
				DEVELOPMENT_TEAM = XC2B8QXW6P;
				ENABLE_PREVIEWS = YES;
				INFOPLIST_FILE = oltwitter/Info.plist;
				IPHONEOS_DEPLOYMENT_TARGET = 14.0;
				LD_RUNPATH_SEARCH_PATHS = (
					"$(inherited)",
					"@executable_path/Frameworks",
				);
				PRODUCT_BUNDLE_IDENTIFIER = com.rogeriochaves.oltwitter;
				PRODUCT_NAME = "$(TARGET_NAME)";
				SWIFT_VERSION = 5.0;
				TARGETED_DEVICE_FAMILY = "1,2";
			};
			name = Debug;
		};
		90D03A41253C2F6B0074D0E4 /* Release */ = {
			isa = XCBuildConfiguration;
			buildSettings = {
				ASSETCATALOG_COMPILER_APPICON_NAME = AppIcon;
				ASSETCATALOG_COMPILER_GLOBAL_ACCENT_COLOR_NAME = AccentColor;
				CODE_SIGN_STYLE = Automatic;
				DEVELOPMENT_ASSET_PATHS = "\"oltwitter/Preview Content\"";
				DEVELOPMENT_TEAM = XC2B8QXW6P;
				ENABLE_PREVIEWS = YES;
				INFOPLIST_FILE = oltwitter/Info.plist;
				IPHONEOS_DEPLOYMENT_TARGET = 14.0;
				LD_RUNPATH_SEARCH_PATHS = (
					"$(inherited)",
					"@executable_path/Frameworks",
				);
				PRODUCT_BUNDLE_IDENTIFIER = com.rogeriochaves.oltwitter;
				PRODUCT_NAME = "$(TARGET_NAME)";
				SWIFT_VERSION = 5.0;
				TARGETED_DEVICE_FAMILY = "1,2";
			};
			name = Release;
		};
		90D03A43253C2F6B0074D0E4 /* Debug */ = {
			isa = XCBuildConfiguration;
			buildSettings = {
				ALWAYS_EMBED_SWIFT_STANDARD_LIBRARIES = YES;
				BUNDLE_LOADER = "$(TEST_HOST)";
				CODE_SIGN_STYLE = Automatic;
				DEVELOPMENT_TEAM = XC2B8QXW6P;
				INFOPLIST_FILE = oltwitterTests/Info.plist;
				IPHONEOS_DEPLOYMENT_TARGET = 14.0;
				LD_RUNPATH_SEARCH_PATHS = (
					"$(inherited)",
					"@executable_path/Frameworks",
					"@loader_path/Frameworks",
				);
				PRODUCT_BUNDLE_IDENTIFIER = com.rogeriochaves.oltwitterTests;
				PRODUCT_NAME = "$(TARGET_NAME)";
				SWIFT_VERSION = 5.0;
				TARGETED_DEVICE_FAMILY = "1,2";
				TEST_HOST = "$(BUILT_PRODUCTS_DIR)/oltwitter.app/oltwitter";
			};
			name = Debug;
		};
		90D03A44253C2F6B0074D0E4 /* Release */ = {
			isa = XCBuildConfiguration;
			buildSettings = {
				ALWAYS_EMBED_SWIFT_STANDARD_LIBRARIES = YES;
				BUNDLE_LOADER = "$(TEST_HOST)";
				CODE_SIGN_STYLE = Automatic;
				DEVELOPMENT_TEAM = XC2B8QXW6P;
				INFOPLIST_FILE = oltwitterTests/Info.plist;
				IPHONEOS_DEPLOYMENT_TARGET = 14.0;
				LD_RUNPATH_SEARCH_PATHS = (
					"$(inherited)",
					"@executable_path/Frameworks",
					"@loader_path/Frameworks",
				);
				PRODUCT_BUNDLE_IDENTIFIER = com.rogeriochaves.oltwitterTests;
				PRODUCT_NAME = "$(TARGET_NAME)";
				SWIFT_VERSION = 5.0;
				TARGETED_DEVICE_FAMILY = "1,2";
				TEST_HOST = "$(BUILT_PRODUCTS_DIR)/oltwitter.app/oltwitter";
			};
			name = Release;
		};
		90D03A46253C2F6B0074D0E4 /* Debug */ = {
			isa = XCBuildConfiguration;
			buildSettings = {
				ALWAYS_EMBED_SWIFT_STANDARD_LIBRARIES = YES;
				CODE_SIGN_STYLE = Automatic;
				DEVELOPMENT_TEAM = XC2B8QXW6P;
				INFOPLIST_FILE = oltwitterUITests/Info.plist;
				LD_RUNPATH_SEARCH_PATHS = (
					"$(inherited)",
					"@executable_path/Frameworks",
					"@loader_path/Frameworks",
				);
				PRODUCT_BUNDLE_IDENTIFIER = com.rogeriochaves.oltwitterUITests;
				PRODUCT_NAME = "$(TARGET_NAME)";
				SWIFT_VERSION = 5.0;
				TARGETED_DEVICE_FAMILY = "1,2";
				TEST_TARGET_NAME = oltwitter;
			};
			name = Debug;
		};
		90D03A47253C2F6B0074D0E4 /* Release */ = {
			isa = XCBuildConfiguration;
			buildSettings = {
				ALWAYS_EMBED_SWIFT_STANDARD_LIBRARIES = YES;
				CODE_SIGN_STYLE = Automatic;
				DEVELOPMENT_TEAM = XC2B8QXW6P;
				INFOPLIST_FILE = oltwitterUITests/Info.plist;
				LD_RUNPATH_SEARCH_PATHS = (
					"$(inherited)",
					"@executable_path/Frameworks",
					"@loader_path/Frameworks",
				);
				PRODUCT_BUNDLE_IDENTIFIER = com.rogeriochaves.oltwitterUITests;
				PRODUCT_NAME = "$(TARGET_NAME)";
				SWIFT_VERSION = 5.0;
				TARGETED_DEVICE_FAMILY = "1,2";
				TEST_TARGET_NAME = oltwitter;
			};
			name = Release;
		};
/* End XCBuildConfiguration section */

/* Begin XCConfigurationList section */
		90D03A15253C2F670074D0E4 /* Build configuration list for PBXProject "oltwitter" */ = {
			isa = XCConfigurationList;
			buildConfigurations = (
				90D03A3D253C2F6B0074D0E4 /* Debug */,
				90D03A3E253C2F6B0074D0E4 /* Release */,
			);
			defaultConfigurationIsVisible = 0;
			defaultConfigurationName = Release;
		};
		90D03A3F253C2F6B0074D0E4 /* Build configuration list for PBXNativeTarget "oltwitter" */ = {
			isa = XCConfigurationList;
			buildConfigurations = (
				90D03A40253C2F6B0074D0E4 /* Debug */,
				90D03A41253C2F6B0074D0E4 /* Release */,
			);
			defaultConfigurationIsVisible = 0;
			defaultConfigurationName = Release;
		};
		90D03A42253C2F6B0074D0E4 /* Build configuration list for PBXNativeTarget "oltwitterTests" */ = {
			isa = XCConfigurationList;
			buildConfigurations = (
				90D03A43253C2F6B0074D0E4 /* Debug */,
				90D03A44253C2F6B0074D0E4 /* Release */,
			);
			defaultConfigurationIsVisible = 0;
			defaultConfigurationName = Release;
		};
		90D03A45253C2F6B0074D0E4 /* Build configuration list for PBXNativeTarget "oltwitterUITests" */ = {
			isa = XCConfigurationList;
			buildConfigurations = (
				90D03A46253C2F6B0074D0E4 /* Debug */,
				90D03A47253C2F6B0074D0E4 /* Release */,
			);
			defaultConfigurationIsVisible = 0;
			defaultConfigurationName = Release;
		};
/* End XCConfigurationList section */
	};
	rootObject = 90D03A12253C2F670074D0E4 /* Project object */;
}
